
Microsoft Visual Studio Solution File, Format Version 12.00
Project("{FAE04EC0-301F-11D3-BF4B-00C04F79EFBC}") = "OpenClosedPrincipleBad", "OpenClosedPrincipleBad\OpenClosedPrincipleBad.csproj", "{A4F4D812-7CE2-4E06-8BAA-0FAFB1624F7D}"
EndProject
Project("{FAE04EC0-301F-11D3-BF4B-00C04F79EFBC}") = "OpenClosedPricipleGood", "OpenClosedPricipleGood\OpenClosedPricipleGood.csproj", "{535819A8-B020-4B12-B39F-263D30A74400}"
EndProject
Project("{FAE04EC0-301F-11D3-BF4B-00C04F79EFBC}") = "LiskovSubstitutionPrincipleGood", "LiskovSubstitutionPrincipleGood\LiskovSubstitutionPrincipleGood.csproj", "{CCFC15D3-2BCB-4849-A452-B78F26D6364B}"
EndProject
Project("{FAE04EC0-301F-11D3-BF4B-00C04F79EFBC}") = "LiskovSubstitutionPrincipleBad", "LiskovSubstitutionPrincipleBad\LiskovSubstitutionPrincipleBad.csproj", "{D8911B2A-D706-4674-B327-694390A70C56}"
EndProject
Project("{FAE04EC0-301F-11D3-BF4B-00C04F79EFBC}") = "InterfaceSegragationPrincipleGood", "InterfaceSegragationPrincipleGood\InterfaceSegragationPrincipleGood.csproj", "{C7EF74A8-7D6B-4AAC-AA8C-59BA5A376B2B}"
EndProject
Project("{FAE04EC0-301F-11D3-BF4B-00C04F79EFBC}") = "InterfaceSegragationPrincipleBad", "InterfaceSegragationPrincipleBad\InterfaceSegragationPrincipleBad.csproj", "{1D7B6102-E2AF-4641-842C-C5A77E92B39D}"
EndProject
Project("{FAE04EC0-301F-11D3-BF4B-00C04F79EFBC}") = "DependencyInversionPrincipleGood", "DependencyInversionPrincipleGood\DependencyInversionPrincipleGood.csproj", "{522E2471-6475-4D4C-9ED9-DC61ABECB8AE}"
EndProject
Project("{FAE04EC0-301F-11D3-BF4B-00C04F79EFBC}") = "DependencyInversionPrincipleBad", "DependencyInversionPrincipleBad\DependencyInversionPrincipleBad.csproj", "{2DA55B4E-384D-4FFC-B812-B500BC8C758D}"
EndProject
Global
	GlobalSection(SolutionConfigurationPlatforms) = preSolution
		Debug|Any CPU = Debug|Any CPU
		Release|Any CPU = Release|Any CPU
	EndGlobalSection
	GlobalSection(ProjectConfigurationPlatforms) = postSolution
		{A4F4D812-7CE2-4E06-8BAA-0FAFB1624F7D}.Debug|Any CPU.ActiveCfg = Debug|Any CPU
		{A4F4D812-7CE2-4E06-8BAA-0FAFB1624F7D}.Debug|Any CPU.Build.0 = Debug|Any CPU
		{A4F4D812-7CE2-4E06-8BAA-0FAFB1624F7D}.Release|Any CPU.ActiveCfg = Release|Any CPU
		{A4F4D812-7CE2-4E06-8BAA-0FAFB1624F7D}.Release|Any CPU.Build.0 = Release|Any CPU
		{535819A8-B020-4B12-B39F-263D30A74400}.Debug|Any CPU.ActiveCfg = Debug|Any CPU
		{535819A8-B020-4B12-B39F-263D30A74400}.Debug|Any CPU.Build.0 = Debug|Any CPU
		{535819A8-B020-4B12-B39F-263D30A74400}.Release|Any CPU.ActiveCfg = Release|Any CPU
		{535819A8-B020-4B12-B39F-263D30A74400}.Release|Any CPU.Build.0 = Release|Any CPU
		{CCFC15D3-2BCB-4849-A452-B78F26D6364B}.Debug|Any CPU.ActiveCfg = Debug|Any CPU
		{CCFC15D3-2BCB-4849-A452-B78F26D6364B}.Debug|Any CPU.Build.0 = Debug|Any CPU
		{CCFC15D3-2BCB-4849-A452-B78F26D6364B}.Release|Any CPU.ActiveCfg = Release|Any CPU
		{CCFC15D3-2BCB-4849-A452-B78F26D6364B}.Release|Any CPU.Build.0 = Release|Any CPU
		{D8911B2A-D706-4674-B327-694390A70C56}.Debug|Any CPU.ActiveCfg = Debug|Any CPU
		{D8911B2A-D706-4674-B327-694390A70C56}.Debug|Any CPU.Build.0 = Debug|Any CPU
		{D8911B2A-D706-4674-B327-694390A70C56}.Release|Any CPU.ActiveCfg = Release|Any CPU
		{D8911B2A-D706-4674-B327-694390A70C56}.Release|Any CPU.Build.0 = Release|Any CPU
		{C7EF74A8-7D6B-4AAC-AA8C-59BA5A376B2B}.Debug|Any CPU.ActiveCfg = Debug|Any CPU
		{C7EF74A8-7D6B-4AAC-AA8C-59BA5A376B2B}.Debug|Any CPU.Build.0 = Debug|Any CPU
		{C7EF74A8-7D6B-4AAC-AA8C-59BA5A376B2B}.Release|Any CPU.ActiveCfg = Release|Any CPU
		{C7EF74A8-7D6B-4AAC-AA8C-59BA5A376B2B}.Release|Any CPU.Build.0 = Release|Any CPU
		{1D7B6102-E2AF-4641-842C-C5A77E92B39D}.Debug|Any CPU.ActiveCfg = Debug|Any CPU
		{1D7B6102-E2AF-4641-842C-C5A77E92B39D}.Debug|Any CPU.Build.0 = Debug|Any CPU
		{1D7B6102-E2AF-4641-842C-C5A77E92B39D}.Release|Any CPU.ActiveCfg = Release|Any CPU
		{1D7B6102-E2AF-4641-842C-C5A77E92B39D}.Release|Any CPU.Build.0 = Release|Any CPU
		{522E2471-6475-4D4C-9ED9-DC61ABECB8AE}.Debug|Any CPU.ActiveCfg = Debug|Any CPU
		{522E2471-6475-4D4C-9ED9-DC61ABECB8AE}.Debug|Any CPU.Build.0 = Debug|Any CPU
		{522E2471-6475-4D4C-9ED9-DC61ABECB8AE}.Release|Any CPU.ActiveCfg = Release|Any CPU
		{522E2471-6475-4D4C-9ED9-DC61ABECB8AE}.Release|Any CPU.Build.0 = Release|Any CPU
		{2DA55B4E-384D-4FFC-B812-B500BC8C758D}.Debug|Any CPU.ActiveCfg = Debug|Any CPU
		{2DA55B4E-384D-4FFC-B812-B500BC8C758D}.Debug|Any CPU.Build.0 = Debug|Any CPU
		{2DA55B4E-384D-4FFC-B812-B500BC8C758D}.Release|Any CPU.ActiveCfg = Release|Any CPU
		{2DA55B4E-384D-4FFC-B812-B500BC8C758D}.Release|Any CPU.Build.0 = Release|Any CPU
	EndGlobalSection
EndGlobal
